
Microsoft Visual Studio Solution File, Format Version 12.00
# Visual Studio Version 17
VisualStudioVersion = 17.14.37012.4
MinimumVisualStudioVersion = 10.0.40219.1
Project("{FAE04EC0-301F-11D3-BF4B-00C04F79EFBC}") = "Going.UI", "Going.UI\Going.UI.csproj", "{31108846-9D73-4624-833A-1BDE6A5E981F}"
EndProject
Project("{FAE04EC0-301F-11D3-BF4B-00C04F79EFBC}") = "SampleOpenTK", "SampleOpenTK\SampleOpenTK.csproj", "{C393DB56-B67B-48FB-B695-2964B316247F}"
EndProject
Project("{FAE04EC0-301F-11D3-BF4B-00C04F79EFBC}") = "Going.UI.Forms", "Going.UI.Forms\Going.UI.Forms.csproj", "{A014D64F-027B-4EAC-AFDA-87468E27BEB5}"
EndProject
Project("{FAE04EC0-301F-11D3-BF4B-00C04F79EFBC}") = "Going.UI.OpenTK", "Going.UI.OpenTK\Going.UI.OpenTK.csproj", "{2D61CA91-EE9A-4DD1-8926-01F95AC35393}"
EndProject
Project("{FAE04EC0-301F-11D3-BF4B-00C04F79EFBC}") = "Going.Basis", "Going.Basis\Going.Basis.csproj", "{6CD46FDB-7774-4AEA-A1F7-26C40039DDB7}"
EndProject
Project("{FAE04EC0-301F-11D3-BF4B-00C04F79EFBC}") = "Going.UIEditor", "Going.UIEditor\Going.UIEditor.csproj", "{F19DCBB6-6266-4C95-8161-3146B880327C}"
EndProject
Project("{2150E333-8FDC-42A3-9474-1A3956D46DE8}") = "going-ui-skiil", "going-ui-skiil", "{C8D5274F-AC00-46C7-1F8D-E88E81087A52}"
	ProjectSection(SolutionItems) = preProject
		going-ui-skill\basis.md = going-ui-skill\basis.md
		going-ui-skill\SKILL.md = going-ui-skill\SKILL.md
		going-ui-skill\ui-code.md = going-ui-skill\ui-code.md
		going-ui-skill\ui-json-containers.md = going-ui-skill\ui-json-containers.md
		going-ui-skill\ui-json-controls.md = going-ui-skill\ui-json-controls.md
		going-ui-skill\ui-json-imagecanvas.md = going-ui-skill\ui-json-imagecanvas.md
		going-ui-skill\ui-json.md = going-ui-skill\ui-json.md
		going-ui-skill\ui-mcp.md = going-ui-skill\ui-mcp.md
		going-ui-skill\ui-project-brief.md = going-ui-skill\ui-project-brief.md
	EndProjectSection
EndProject
Global
	GlobalSection(SolutionConfigurationPlatforms) = preSolution
		Debug|Any CPU = Debug|Any CPU
		Release|Any CPU = Release|Any CPU
	EndGlobalSection
	GlobalSection(ProjectConfigurationPlatforms) = postSolution
		{31108846-9D73-4624-833A-1BDE6A5E981F}.Debug|Any CPU.ActiveCfg = Debug|Any CPU
		{31108846-9D73-4624-833A-1BDE6A5E981F}.Debug|Any CPU.Build.0 = Debug|Any CPU
		{31108846-9D73-4624-833A-1BDE6A5E981F}.Release|Any CPU.ActiveCfg = Release|Any CPU
		{31108846-9D73-4624-833A-1BDE6A5E981F}.Release|Any CPU.Build.0 = Release|Any CPU
		{C393DB56-B67B-48FB-B695-2964B316247F}.Debug|Any CPU.ActiveCfg = Debug|Any CPU
		{C393DB56-B67B-48FB-B695-2964B316247F}.Debug|Any CPU.Build.0 = Debug|Any CPU
		{C393DB56-B67B-48FB-B695-2964B316247F}.Release|Any CPU.ActiveCfg = Release|Any CPU
		{C393DB56-B67B-48FB-B695-2964B316247F}.Release|Any CPU.Build.0 = Release|Any CPU
		{A014D64F-027B-4EAC-AFDA-87468E27BEB5}.Debug|Any CPU.ActiveCfg = Debug|Any CPU
		{A014D64F-027B-4EAC-AFDA-87468E27BEB5}.Debug|Any CPU.Build.0 = Debug|Any CPU
		{A014D64F-027B-4EAC-AFDA-87468E27BEB5}.Release|Any CPU.ActiveCfg = Release|Any CPU
		{A014D64F-027B-4EAC-AFDA-87468E27BEB5}.Release|Any CPU.Build.0 = Release|Any CPU
		{2D61CA91-EE9A-4DD1-8926-01F95AC35393}.Debug|Any CPU.ActiveCfg = Debug|Any CPU
		{2D61CA91-EE9A-4DD1-8926-01F95AC35393}.Debug|Any CPU.Build.0 = Debug|Any CPU
		{2D61CA91-EE9A-4DD1-8926-01F95AC35393}.Release|Any CPU.ActiveCfg = Release|Any CPU
		{2D61CA91-EE9A-4DD1-8926-01F95AC35393}.Release|Any CPU.Build.0 = Release|Any CPU
		{6CD46FDB-7774-4AEA-A1F7-26C40039DDB7}.Debug|Any CPU.ActiveCfg = Debug|Any CPU
		{6CD46FDB-7774-4AEA-A1F7-26C40039DDB7}.Debug|Any CPU.Build.0 = Debug|Any CPU
		{6CD46FDB-7774-4AEA-A1F7-26C40039DDB7}.Release|Any CPU.ActiveCfg = Release|Any CPU
		{6CD46FDB-7774-4AEA-A1F7-26C40039DDB7}.Release|Any CPU.Build.0 = Release|Any CPU
		{F19DCBB6-6266-4C95-8161-3146B880327C}.Debug|Any CPU.ActiveCfg = Debug|Any CPU
		{F19DCBB6-6266-4C95-8161-3146B880327C}.Debug|Any CPU.Build.0 = Debug|Any CPU
		{F19DCBB6-6266-4C95-8161-3146B880327C}.Release|Any CPU.ActiveCfg = Release|Any CPU
		{F19DCBB6-6266-4C95-8161-3146B880327C}.Release|Any CPU.Build.0 = Release|Any CPU
	EndGlobalSection
	GlobalSection(SolutionProperties) = preSolution
		HideSolutionNode = FALSE
	EndGlobalSection
	GlobalSection(ExtensibilityGlobals) = postSolution
		SolutionGuid = {F860B980-569E-4FE1-9436-FAEAAA2BCAC9}
	EndGlobalSection
EndGlobal
